{
  "nodes": {
    "myque": {
      "inputs": {
        "nixpkgs": [
          "nixpkgs"
        ]
      },
      "locked": {
        "lastModified": 1788658951,
        "narHash": "sha256-9HVaPCwp7CZbHtwZmeZg9ywb9miK/tgzglNUcCj8Qww=",
        "owner": "mozufu",
        "repo": "myque",
        "rev": "b37ce24c6541d7bf3581e890b5df29c782701cd5",
        "type": "github"
      },
      "original": {
        "owner": "mozufu",
        "repo": "myque",
        "rev": "b37ce24c6541d7bf3581e890b5df29c782701cd5",
        "type": "github"
      }
    },
    "nixpkgs": {
      "locked": {
        "lastModified": 1789114715,
        "narHash": "sha256-ugpsyk3NM2s87vXfUiIIiibbJ4Pp0JPS5p/3mfs+q+c=",
        "owner": "NixOS",
        "repo": "nixpkgs",
        "rev": "21a67dc470149f337cecafbe965d8d252a390518",
        "type": "github"
      },
      "original": {
        "owner": "NixOS",
        "ref": "nixos-26.05",
        "repo": "nixpkgs",
        "type": "github"
      }
    },
    "root": {
      "inputs": {
        "myque": "myque",
        "nixpkgs": "nixpkgs"
      }
    }
  },
  "root": "root",
  "version": 7
}
