{
  "nodes": {
    "myque": {
      "inputs": {
        "nixpkgs": [
          "nixpkgs"
        ]
      },
      "locked": {
        "lastModified": 1789494003,
        "narHash": "sha256-j552MCvxi6WeV3aMaXkSHimo3O7vnbdMbeOOZ5bqXOY=",
        "owner": "mozufu",
        "repo": "myque",
        "rev": "d25241fcbf1d6b1e06283717c246576e88f6fa5d",
        "type": "github"
      },
      "original": {
        "owner": "mozufu",
        "repo": "myque",
        "rev": "d25241fcbf1d6b1e06283717c246576e88f6fa5d",
        "type": "github"
      }
    },
    "nixpkgs": {
      "locked": {
        "lastModified": 1789114715,
        "narHash": "sha256-ugpsyk3NM2s87vXfUiIIiibbJ4Pp0JPS5p/3mfs+q+c=",
        "owner": "NixOS",
        "repo": "nixpkgs",
        "rev": "21a67dc470149f337cecafbe965d8d252a390518",
        "type": "github"
      },
      "original": {
        "owner": "NixOS",
        "ref": "nixos-26.05",
        "repo": "nixpkgs",
        "type": "github"
      }
    },
    "root": {
      "inputs": {
        "myque": "myque",
        "nixpkgs": "nixpkgs"
      }
    }
  },
  "root": "root",
  "version": 7
}
